// !$*UTF8*$!
{
	archiveVersion = 1;
	classes = {
	};
	objectVersion = 46;
	objects = {

/* Begin PBXBuildFile section */
		DBE474B21BDB6E360045D064 /* AppDelegate.swift in Sources */ = {isa = PBXBuildFile; fileRef = DBE474B11BDB6E360045D064 /* AppDelegate.swift */; };
		DBE474B41BDB6E360045D064 /* ViewController.swift in Sources */ = {isa = PBXBuildFile; fileRef = DBE474B31BDB6E360045D064 /* ViewController.swift */; };
		DBE474B71BDB6E360045D064 /* Main.storyboard in Resources */ = {isa = PBXBuildFile; fileRef = DBE474B51BDB6E360045D064 /* Main.storyboard */; };
		DBE474B91BDB6E360045D064 /* Assets.xcassets in Resources */ = {isa = PBXBuildFile; fileRef = DBE474B81BDB6E360045D064 /* Assets.xcassets */; };
		DBE474BC1BDB6E360045D064 /* LaunchScreen.storyboard in Resources */ = {isa = PBXBuildFile; fileRef = DBE474BA1BDB6E360045D064 /* LaunchScreen.storyboard */; };
/* End PBXBuildFile section */

/* Begin PBXFileReference section */
		DBE474AE1BDB6E360045D064 /* Camera Upload Test.app */ = {isa = PBXFileReference; explicitFileType = wrapper.application; includeInIndex = 0; path = "Camera Upload Test.app"; sourceTree = BUILT_PRODUCTS_DIR; };
		DBE474B11BDB6E360045D064 /* AppDelegate.swift */ = {isa = PBXFileReference; lastKnownFileType = sourcecode.swift; path = AppDelegate.swift; sourceTree = "<group>"; };
		DBE474B31BDB6E360045D064 /* ViewController.swift */ = {isa = PBXFileReference; lastKnownFileType = sourcecode.swift; path = ViewController.swift; sourceTree = "<group>"; };
		DBE474B61BDB6E360045D064 /* Base */ = {isa = PBXFileReference; lastKnownFileType = file.storyboard; name = Base; path = Base.lproj/Main.storyboard; sourceTree = "<group>"; };
		DBE474B81BDB6E360045D064 /* Assets.xcassets */ = {isa = PBXFileReference; lastKnownFileType = folder.assetcatalog; path = Assets.xcassets; sourceTree = "<group>"; };
		DBE474BB1BDB6E360045D064 /* Base */ = {isa = PBXFileReference; lastKnownFileType = file.storyboard; name = Base; path = Base.lproj/LaunchScreen.storyboard; sourceTree = "<group>"; };
		DBE474BD1BDB6E360045D064 /* Info.plist */ = {isa = PBXFileReference; lastKnownFileType = text.plist.xml; path = Info.plist; sourceTree = "<group>"; };
/* End PBXFileReference section */

/* Begin PBXFrameworksBuildPhase section */
		DBE474AB1BDB6E360045D064 /* Frameworks */ = {
			isa = PBXFrameworksBuildPhase;
			buildActionMask = 2147483647;
			files = (
			);
			runOnlyForDeploymentPostprocessing = 0;
		};
/* End PBXFrameworksBuildPhase section */

/* Begin PBXGroup section */
		DBE474A51BDB6E360045D064 = {
			isa = PBXGroup;
			children = (
				DBE474B01BDB6E360045D064 /* Camera Upload Test */,
				DBE474AF1BDB6E360045D064 /* Products */,
			);
			sourceTree = "<group>";
		};
		DBE474AF1BDB6E360045D064 /* Products */ = {
			isa = PBXGroup;
			children = (
				DBE474AE1BDB6E360045D064 /* Camera Upload Test.app */,
			);
			name = Products;
			sourceTree = "<group>";
		};
		DBE474B01BDB6E360045D064 /* Camera Upload Test */ = {
			isa = PBXGroup;
			children = (
				DBE474B11BDB6E360045D064 /* AppDelegate.swift */,
				DBE474B31BDB6E360045D064 /* ViewController.swift */,
				DBE474B51BDB6E360045D064 /* Main.storyboard */,
				DBE474B81BDB6E360045D064 /* Assets.xcassets */,
				DBE474BA1BDB6E360045D064 /* LaunchScreen.storyboard */,
				DBE474BD1BDB6E360045D064 /* Info.plist */,
			);
			path = "Camera Upload Test";
			sourceTree = "<group>";
		};
/* End PBXGroup section */

/* Begin PBXNativeTarget section */
		DBE474AD1BDB6E360045D064 /* Camera Upload Test */ = {
			isa = PBXNativeTarget;
			buildConfigurationList = DBE474C01BDB6E360045D064 /* Build configuration list for PBXNativeTarget "Camera Upload Test" */;
			buildPhases = (
				DBE474AA1BDB6E360045D064 /* Sources */,
				DBE474AB1BDB6E360045D064 /* Frameworks */,
				DBE474AC1BDB6E360045D064 /* Resources */,
			);
			buildRules = (
			);
			dependencies = (
			);
			name = "Camera Upload Test";
			productName = "Camera Upload Test";
			productReference = DBE474AE1BDB6E360045D064 /* Camera Upload Test.app */;
			productType = "com.apple.product-type.application";
		};
/* End PBXNativeTarget section */

/* Begin PBXProject section */
		DBE474A61BDB6E360045D064 /* Project object */ = {
			isa = PBXProject;
			attributes = {
				LastUpgradeCheck = 0700;
				ORGANIZATIONNAME = Styleru;
				TargetAttributes = {
					DBE474AD1BDB6E360045D064 = {
						CreatedOnToolsVersion = 7.0.1;
					};
				};
			};
			buildConfigurationList = DBE474A91BDB6E360045D064 /* Build configuration list for PBXProject "Camera Upload Test" */;
			compatibilityVersion = "Xcode 3.2";
			developmentRegion = English;
			hasScannedForEncodings = 0;
			knownRegions = (
				en,
				Base,
			);
			mainGroup = DBE474A51BDB6E360045D064;
			productRefGroup = DBE474AF1BDB6E360045D064 /* Products */;
			projectDirPath = "";
			projectRoot = "";
			targets = (
				DBE474AD1BDB6E360045D064 /* Camera Upload Test */,
			);
		};
/* End PBXProject section */

/* Begin PBXResourcesBuildPhase section */
		DBE474AC1BDB6E360045D064 /* Resources */ = {
			isa = PBXResourcesBuildPhase;
			buildActionMask = 2147483647;
			files = (
				DBE474BC1BDB6E360045D064 /* LaunchScreen.storyboard in Resources */,
				DBE474B91BDB6E360045D064 /* Assets.xcassets in Resources */,
				DBE474B71BDB6E360045D064 /* Main.storyboard in Resources */,
			);
			runOnlyForDeploymentPostprocessing = 0;
		};
/* End PBXResourcesBuildPhase section */

/* Begin PBXSourcesBuildPhase section */
		DBE474AA1BDB6E360045D064 /* Sources */ = {
			isa = PBXSourcesBuildPhase;
			buildActionMask = 2147483647;
			files = (
				DBE474B41BDB6E360045D064 /* ViewController.swift in Sources */,
				DBE474B21BDB6E360045D064 /* AppDelegate.swift in Sources */,
			);
			runOnlyForDeploymentPostprocessing = 0;
		};
/* End PBXSourcesBuildPhase section */

/* Begin PBXVariantGroup section */
		DBE474B51BDB6E360045D064 /* Main.storyboard */ = {
			isa = PBXVariantGroup;
			children = (
				DBE474B61BDB6E360045D064 /* Base */,
			);
			name = Main.storyboard;
			sourceTree = "<group>";
		};
		DBE474BA1BDB6E360045D064 /* LaunchScreen.storyboard */ = {
			isa = PBXVariantGroup;
			children = (
				DBE474BB1BDB6E360045D064 /* Base */,
			);
			name = LaunchScreen.storyboard;
			sourceTree = "<group>";
		};
/* End PBXVariantGroup section */

/* Begin XCBuildConfiguration section */
		DBE474BE1BDB6E360045D064 /* Debug */ = {
			isa = XCBuildConfiguration;
			buildSettings = {
				ALWAYS_SEARCH_USER_PATHS = NO;
				CLANG_CXX_LANGUAGE_STANDARD = "gnu++0x";
				CLANG_CXX_LIBRARY = "libc++";
				CLANG_ENABLE_MODULES = YES;
				CLANG_ENABLE_OBJC_ARC = YES;
				CLANG_WARN_BOOL_CONVERSION = YES;
				CLANG_WARN_CONSTANT_CONVERSION = YES;
				CLANG_WARN_DIRECT_OBJC_ISA_USAGE = YES_ERROR;
				CLANG_WARN_EMPTY_BODY = YES;
				CLANG_WARN_ENUM_CONVERSION = YES;
				CLANG_WARN_INT_CONVERSION = YES;
				CLANG_WARN_OBJC_ROOT_CLASS = YES_ERROR;
				CLANG_WARN_UNREACHABLE_CODE = YES;
				CLANG_WARN__DUPLICATE_METHOD_MATCH = YES;
				"CODE_SIGN_IDENTITY[sdk=iphoneos*]" = "iPhone Developer";
				COPY_PHASE_STRIP = NO;
				DEBUG_INFORMATION_FORMAT = dwarf;
				ENABLE_STRICT_OBJC_MSGSEND = YES;
				ENABLE_TESTABILITY = YES;
				GCC_C_LANGUAGE_STANDARD = gnu99;
				GCC_DYNAMIC_NO_PIC = NO;
				GCC_NO_COMMON_BLOCKS = YES;
				GCC_OPTIMIZATION_LEVEL = 0;
				GCC_PREPROCESSOR_DEFINITIONS = (
					"DEBUG=1",
					"$(inherited)",
				);
				GCC_WARN_64_TO_32_BIT_CONVERSION = YES;
				GCC_WARN_ABOUT_RETURN_TYPE = YES_ERROR;
				GCC_WARN_UNDECLARED_SELECTOR = YES;
				GCC_WARN_UNINITIALIZED_AUTOS = YES_AGGRESSIVE;
				GCC_WARN_UNUSED_FUNCTION = YES;
				GCC_WARN_UNUSED_VARIABLE = YES;
				IPHONEOS_DEPLOYMENT_TARGET = 9.0;
				MTL_ENABLE_DEBUG_INFO = YES;
				ONLY_ACTIVE_ARCH = YES;
				SDKROOT = iphoneos;
				SWIFT_OPTIMIZATION_LEVEL = "-Onone";
				TARGETED_DEVICE_FAMILY = "1,2";
			};
			name = Debug;
		};
		DBE474BF1BDB6E360045D064 /* Release */ = {
			isa = XCBuildConfiguration;
			buildSettings = {
				ALWAYS_SEARCH_USER_PATHS = NO;
				CLANG_CXX_LANGUAGE_STANDARD = "gnu++0x";
				CLANG_CXX_LIBRARY = "libc++";
				CLANG_ENABLE_MODULES = YES;
				CLANG_ENABLE_OBJC_ARC = YES;
				CLANG_WARN_BOOL_CONVERSION = YES;
				CLANG_WARN_CONSTANT_CONVERSION = YES;
				CLANG_WARN_DIRECT_OBJC_ISA_USAGE = YES_ERROR;
				CLANG_WARN_EMPTY_BODY = YES;
				CLANG_WARN_ENUM_CONVERSION = YES;
				CLANG_WARN_INT_CONVERSION = YES;
				CLANG_WARN_OBJC_ROOT_CLASS = YES_ERROR;
				CLANG_WARN_UNREACHABLE_CODE = YES;
				CLANG_WARN__DUPLICATE_METHOD_MATCH = YES;
				"CODE_SIGN_IDENTITY[sdk=iphoneos*]" = "iPhone Developer";
				COPY_PHASE_STRIP = NO;
				DEBUG_INFORMATION_FORMAT = "dwarf-with-dsym";
				ENABLE_NS_ASSERTIONS = NO;
				ENABLE_STRICT_OBJC_MSGSEND = YES;
				GCC_C_LANGUAGE_STANDARD = gnu99;
				GCC_NO_COMMON_BLOCKS = YES;
				GCC_WARN_64_TO_32_BIT_CONVERSION = YES;
				GCC_WARN_ABOUT_RETURN_TYPE = YES_ERROR;
				GCC_WARN_UNDECLARED_SELECTOR = YES;
				GCC_WARN_UNINITIALIZED_AUTOS = YES_AGGRESSIVE;
				GCC_WARN_UNUSED_FUNCTION = YES;
				GCC_WARN_UNUSED_VARIABLE = YES;
				IPHONEOS_DEPLOYMENT_TARGET = 9.0;
				MTL_ENABLE_DEBUG_INFO = NO;
				SDKROOT = iphoneos;
				TARGETED_DEVICE_FAMILY = "1,2";
				VALIDATE_PRODUCT = YES;
			};
			name = Release;
		};
		DBE474C11BDB6E360045D064 /* Debug */ = {
			isa = XCBuildConfiguration;
			buildSettings = {
				ASSETCATALOG_COMPILER_APPICON_NAME = AppIcon;
				INFOPLIST_FILE = "Camera Upload Test/Info.plist";
				LD_RUNPATH_SEARCH_PATHS = "$(inherited) @executable_path/Frameworks";
				PRODUCT_BUNDLE_IDENTIFIER = "com.reutskiy.Camera-Upload-Test";
				PRODUCT_NAME = "$(TARGET_NAME)";
			};
			name = Debug;
		};
		DBE474C21BDB6E360045D064 /* Release */ = {
			isa = XCBuildConfiguration;
			buildSettings = {
				ASSETCATALOG_COMPILER_APPICON_NAME = AppIcon;
				INFOPLIST_FILE = "Camera Upload Test/Info.plist";
				LD_RUNPATH_SEARCH_PATHS = "$(inherited) @executable_path/Frameworks";
				PRODUCT_BUNDLE_IDENTIFIER = "com.reutskiy.Camera-Upload-Test";
				PRODUCT_NAME = "$(TARGET_NAME)";
			};
			name = Release;
		};
/* End XCBuildConfiguration section */

/* Begin XCConfigurationList section */
		DBE474A91BDB6E360045D064 /* Build configuration list for PBXProject "Camera Upload Test" */ = {
			isa = XCConfigurationList;
			buildConfigurations = (
				DBE474BE1BDB6E360045D064 /* Debug */,
				DBE474BF1BDB6E360045D064 /* Release */,
			);
			defaultConfigurationIsVisible = 0;
			defaultConfigurationName = Release;
		};
		DBE474C01BDB6E360045D064 /* Build configuration list for PBXNativeTarget "Camera Upload Test" */ = {
			isa = XCConfigurationList;
			buildConfigurations = (
				DBE474C11BDB6E360045D064 /* Debug */,
				DBE474C21BDB6E360045D064 /* Release */,
			);
			defaultConfigurationIsVisible = 0;
		};
/* End XCConfigurationList section */
	};
	rootObject = DBE474A61BDB6E360045D064 /* Project object */;
}
